
Microsoft Visual Studio Solution File, Format Version 12.00
# Visual Studio Version 17
VisualStudioVersion = 17.12.35707.178 d17.12
MinimumVisualStudioVersion = 10.0.40219.1
Project("{FAE04EC0-301F-11D3-BF4B-00C04F79EFBC}") = "SplitBill", "SplitBill\SplitBill.csproj", "{13025CC6-68FC-48AF-A479-6BC2C7BA92F0}"
EndProject
Project("{FAE04EC0-301F-11D3-BF4B-00C04F79EFBC}") = "Infraestructure", "Infraestructure\Infraestructure.csproj", "{3EE33695-C377-4734-BB84-DE759DAE909D}"
EndProject
Project("{FAE04EC0-301F-11D3-BF4B-00C04F79EFBC}") = "Domain", "Domain\Domain.csproj", "{8BEF2DE6-E58E-4ACB-8095-770B4BBE8B8D}"
EndProject
Project("{FAE04EC0-301F-11D3-BF4B-00C04F79EFBC}") = "Application", "Application\Application.csproj", "{73F7B654-01CD-4CA9-86FA-19F3B6429B3B}"
EndProject
Global
	GlobalSection(SolutionConfigurationPlatforms) = preSolution
		Debug|Any CPU = Debug|Any CPU
		Release|Any CPU = Release|Any CPU
	EndGlobalSection
	GlobalSection(ProjectConfigurationPlatforms) = postSolution
		{13025CC6-68FC-48AF-A479-6BC2C7BA92F0}.Debug|Any CPU.ActiveCfg = Debug|Any CPU
		{13025CC6-68FC-48AF-A479-6BC2C7BA92F0}.Debug|Any CPU.Build.0 = Debug|Any CPU
		{13025CC6-68FC-48AF-A479-6BC2C7BA92F0}.Release|Any CPU.ActiveCfg = Release|Any CPU
		{13025CC6-68FC-48AF-A479-6BC2C7BA92F0}.Release|Any CPU.Build.0 = Release|Any CPU
		{3EE33695-C377-4734-BB84-DE759DAE909D}.Debug|Any CPU.ActiveCfg = Debug|Any CPU
		{3EE33695-C377-4734-BB84-DE759DAE909D}.Debug|Any CPU.Build.0 = Debug|Any CPU
		{3EE33695-C377-4734-BB84-DE759DAE909D}.Release|Any CPU.ActiveCfg = Release|Any CPU
		{3EE33695-C377-4734-BB84-DE759DAE909D}.Release|Any CPU.Build.0 = Release|Any CPU
		{8BEF2DE6-E58E-4ACB-8095-770B4BBE8B8D}.Debug|Any CPU.ActiveCfg = Debug|Any CPU
		{8BEF2DE6-E58E-4ACB-8095-770B4BBE8B8D}.Debug|Any CPU.Build.0 = Debug|Any CPU
		{8BEF2DE6-E58E-4ACB-8095-770B4BBE8B8D}.Release|Any CPU.ActiveCfg = Release|Any CPU
		{8BEF2DE6-E58E-4ACB-8095-770B4BBE8B8D}.Release|Any CPU.Build.0 = Release|Any CPU
		{73F7B654-01CD-4CA9-86FA-19F3B6429B3B}.Debug|Any CPU.ActiveCfg = Debug|Any CPU
		{73F7B654-01CD-4CA9-86FA-19F3B6429B3B}.Debug|Any CPU.Build.0 = Debug|Any CPU
		{73F7B654-01CD-4CA9-86FA-19F3B6429B3B}.Release|Any CPU.ActiveCfg = Release|Any CPU
		{73F7B654-01CD-4CA9-86FA-19F3B6429B3B}.Release|Any CPU.Build.0 = Release|Any CPU
	EndGlobalSection
	GlobalSection(SolutionProperties) = preSolution
		HideSolutionNode = FALSE
	EndGlobalSection
EndGlobal
